
Microsoft Visual Studio Solution File, Format Version 12.00
# Visual Studio Version 16
VisualStudioVersion = 16.0.31911.196
MinimumVisualStudioVersion = 10.0.40219.1
Project("{FAE04EC0-301F-11D3-BF4B-00C04F79EFBC}") = "校园测量控制点管理系统", "校园测量控制点管理系统.csproj", "{AD353FB7-15EC-47B7-A6A7-DD9808A38F7C}"
EndProject
Global
	GlobalSection(SolutionConfigurationPlatforms) = preSolution
		Debug|Any CPU = Debug|Any CPU
		Release|Any CPU = Release|Any CPU
	EndGlobalSection
	GlobalSection(ProjectConfigurationPlatforms) = postSolution
		{AD353FB7-15EC-47B7-A6A7-DD9808A38F7C}.Debug|Any CPU.ActiveCfg = Debug|Any CPU
		{AD353FB7-15EC-47B7-A6A7-DD9808A38F7C}.Debug|Any CPU.Build.0 = Debug|Any CPU
		{AD353FB7-15EC-47B7-A6A7-DD9808A38F7C}.Release|Any CPU.ActiveCfg = Release|Any CPU
		{AD353FB7-15EC-47B7-A6A7-DD9808A38F7C}.Release|Any CPU.Build.0 = Release|Any CPU
	EndGlobalSection
	GlobalSection(SolutionProperties) = preSolution
		HideSolutionNode = FALSE
	EndGlobalSection
	GlobalSection(ExtensibilityGlobals) = postSolution
		SolutionGuid = {5DA57983-C0FC-432D-B31C-658E80817A12}
	EndGlobalSection
EndGlobal
